PODS:
  - channel (0.0.1):
    - Flutter
  - Flutter (1.0.0)
  - flutter_boost (0.0.1):
    - Flutter
    - xservice_kit
  - FlutterPluginRegistrant (0.0.1):
    - channel
    - Flutter
    - flutter_boost
    - xservice_kit
  - xservice_kit (0.0.1):
    - Flutter

DEPENDENCIES:
  - channel (from `../flutter_module/.ios/Flutter/.symlinks/channel/ios`)
  - Flutter (from `../flutter_module/.ios/Flutter/engine`)
  - flutter_boost (from `../flutter_module/.ios/Flutter/.symlinks/flutter_boost/ios`)
  - FlutterPluginRegistrant (from `../flutter_module/.ios/Flutter/FlutterPluginRegistrant`)
  - xservice_kit (from `../flutter_module/.ios/Flutter/.symlinks/xservice_kit/ios`)

EXTERNAL SOURCES:
  channel:
    :path: "../flutter_module/.ios/Flutter/.symlinks/channel/ios"
  Flutter:
    :path: "../flutter_module/.ios/Flutter/engine"
  flutter_boost:
    :path: "../flutter_module/.ios/Flutter/.symlinks/flutter_boost/ios"
  FlutterPluginRegistrant:
    :path: "../flutter_module/.ios/Flutter/FlutterPluginRegistrant"
  xservice_kit:
    :path: "../flutter_module/.ios/Flutter/.symlinks/xservice_kit/ios"

SPEC CHECKSUMS:
  channel: 79889db5c339d93c5b1810cd70aefb1ae87569da
  Flutter: 58dd7d1b27887414a370fcccb9e645c08ffd7a6a
  flutter_boost: 0e85ea37c74ed39ee7b91a35612afa1605557484
  FlutterPluginRegistrant: 6272b74abc5cab95d232ce1e259a933653e1c63d
  xservice_kit: a2f1b35addc126fce8687aeb183ab0c1ada5b7f3

PODFILE CHECKSUM: df8933f6fefb32c5bbb9be7124ea0a5f509ac570

COCOAPODS: 1.6.0.beta.2
